<?xml version="1.0" encoding="utf-8"?>
<Project ToolsVersion="4.0" xmlns="http://schemas.microsoft.com/developer/msbuild/2003">
  <ItemGroup>
    <ClCompile Include="cosSin.cpp" />
    <ClCompile Include="HashMapTest.cpp" />
    <ClCompile Include="learn.cpp" />
    <ClCompile Include="RecursiveTest.cpp" />
    <ClCompile Include="SortTest.cpp" />
    <ClCompile Include="ZLib\inflate.cpp">
      <Filter>Source Files\zlib</Filter>
    </ClCompile>
    <ClCompile Include="ZLib\inftrees.cpp">
      <Filter>Source Files\zlib</Filter>
    </ClCompile>
    <ClCompile Include="ZLib\infutil.cpp">
      <Filter>Source Files\zlib</Filter>
    </ClCompile>
    <ClCompile Include="ZLib\infblock.cpp">
      <Filter>Source Files\zlib</Filter>
    </ClCompile>
    <ClCompile Include="ZLib\infcodes.cpp">
      <Filter>Source Files\zlib</Filter>
    </ClCompile>
    <ClCompile Include="ZLib\inffast.cpp">
      <Filter>Source Files\zlib</Filter>
    </ClCompile>
    <ClCompile Include="ZLib\adler32.cpp">
      <Filter>Source Files\zlib</Filter>
    </ClCompile>
    <ClCompile Include="ZLib\compress.cpp">
      <Filter>Source Files\zlib</Filter>
    </ClCompile>
    <ClCompile Include="ZLib\deflate.cpp">
      <Filter>Source Files\zlib</Filter>
    </ClCompile>
    <ClCompile Include="ZLib\uncompr.cpp">
      <Filter>Source Files\zlib</Filter>
    </ClCompile>
    <ClCompile Include="ZLib\zutil.cpp">
      <Filter>Source Files\zlib</Filter>
    </ClCompile>
    <ClCompile Include="ZLib\trees.cpp">
      <Filter>Source Files\zlib</Filter>
    </ClCompile>
  </ItemGroup>
  <ItemGroup>
    <ClInclude Include="HashMap.h">
      <Filter>Header Files\DataStructure</Filter>
    </ClInclude>
    <ClInclude Include="BubbleSort.h">
      <Filter>Header Files\Algorithm\Sort</Filter>
    </ClInclude>
    <ClInclude Include="InsertionMergeSort.h">
      <Filter>Header Files\Algorithm\Sort</Filter>
    </ClInclude>
    <ClInclude Include="InsertionSort.h">
      <Filter>Header Files\Algorithm\Sort</Filter>
    </ClInclude>
    <ClInclude Include="QuickSort.h">
      <Filter>Header Files\Algorithm\Sort</Filter>
    </ClInclude>
    <ClInclude Include="SelectionSort.h">
      <Filter>Header Files\Algorithm\Sort</Filter>
    </ClInclude>
    <ClInclude Include="StdSort.h">
      <Filter>Header Files\Algorithm\Sort</Filter>
    </ClInclude>
    <ClInclude Include="Utility.h">
      <Filter>Header Files</Filter>
    </ClInclude>
    <ClInclude Include="System.h">
      <Filter>Header Files</Filter>
    </ClInclude>
    <ClInclude Include="Timer.h">
      <Filter>Header Files</Filter>
    </ClInclude>
    <ClInclude Include="ZLib\infutil.h">
      <Filter>Source Files\zlib</Filter>
    </ClInclude>
    <ClInclude Include="ZLib\inffast.h">
      <Filter>Source Files\zlib</Filter>
    </ClInclude>
    <ClInclude Include="ZLib\inffixed.h">
      <Filter>Source Files\zlib</Filter>
    </ClInclude>
    <ClInclude Include="ZLib\inftrees.h">
      <Filter>Source Files\zlib</Filter>
    </ClInclude>
    <ClInclude Include="ZLib\infblock.h">
      <Filter>Source Files\zlib</Filter>
    </ClInclude>
    <ClInclude Include="ZLib\infcodes.h">
      <Filter>Source Files\zlib</Filter>
    </ClInclude>
    <ClInclude Include="ZLib\deflate.h">
      <Filter>Source Files\zlib</Filter>
    </ClInclude>
    <ClInclude Include="ZLib\zutil.h">
      <Filter>Source Files\zlib</Filter>
    </ClInclude>
    <ClInclude Include="ZLib\zconf.h">
      <Filter>Source Files\zlib</Filter>
    </ClInclude>
    <ClInclude Include="ZLib\zlib.h">
      <Filter>Source Files\zlib</Filter>
    </ClInclude>
    <ClInclude Include="ZLib\trees.h">
      <Filter>Source Files\zlib</Filter>
    </ClInclude>
  </ItemGroup>
  <ItemGroup>
    <None Include="ReadMe.txt" />
  </ItemGroup>
  <ItemGroup>
    <Filter Include="Header Files">
      <UniqueIdentifier>{3c7eff20-32c8-4fb1-b9ba-3dbc3dc3c516}</UniqueIdentifier>
    </Filter>
    <Filter Include="Source Files">
      <UniqueIdentifier>{87af3ab0-35a1-4f9d-b0c1-f726ba602349}</UniqueIdentifier>
    </Filter>
    <Filter Include="Header Files\Algorithm">
      <UniqueIdentifier>{439ad842-fa7c-47ba-8415-d1ed49aa1b46}</UniqueIdentifier>
    </Filter>
    <Filter Include="Header Files\DataStructure">
      <UniqueIdentifier>{d5f48cfd-7769-4962-8dce-a25ec045b60f}</UniqueIdentifier>
    </Filter>
    <Filter Include="Header Files\Algorithm\Sort">
      <UniqueIdentifier>{8727a5c4-9058-46c0-9611-b7880b63850f}</UniqueIdentifier>
    </Filter>
    <Filter Include="Source Files\zlib">
      <UniqueIdentifier>{74784ae6-3c97-4efd-80d8-faeb78afbbba}</UniqueIdentifier>
    </Filter>
  </ItemGroup>
</Project>