<?xml version="1.0" encoding="utf-8"?>
<Project ToolsVersion="4.0" xmlns="http://schemas.microsoft.com/developer/msbuild/2003">
  <ItemGroup>
    <Filter Include="Source Files">
      <UniqueIdentifier>{4FC737F1-C7A5-4376-A066-2A32D752A2FF}</UniqueIdentifier>
      <Extensions>cpp;c;cc;cxx;def;odl;idl;hpj;bat;asm;asmx</Extensions>
    </Filter>
    <Filter Include="Header Files">
      <UniqueIdentifier>{93995380-89BD-4b04-88EB-625FBE52EBFB}</UniqueIdentifier>
      <Extensions>h;hpp;hxx;hm;inl;inc;xsd</Extensions>
    </Filter>
    <Filter Include="Resource Files">
      <UniqueIdentifier>{67DA6AB6-F800-4c08-8B7A-83BB121AAD01}</UniqueIdentifier>
      <Extensions>rc;ico;cur;bmp;dlg;rc2;rct;bin;rgs;gif;jpg;jpeg;jpe;resx;tiff;tif;png;wav;mfcribbon-ms</Extensions>
    </Filter>
    <Filter Include="Source Files\zlib">
      <UniqueIdentifier>{623f7bec-3df2-4ad7-9086-bd6092c0c662}</UniqueIdentifier>
    </Filter>
    <Filter Include="Header Files\Algorithm">
      <UniqueIdentifier>{cdac15db-885b-4bd7-ae0f-51df289a4352}</UniqueIdentifier>
    </Filter>
    <Filter Include="Header Files\Algorithm\Sort">
      <UniqueIdentifier>{d1bee8e4-601a-4e27-9fe9-04bc5e3d6fd6}</UniqueIdentifier>
    </Filter>
    <Filter Include="Header Files\DataStructure">
      <UniqueIdentifier>{0b7b5742-8142-48f2-b4b5-a2fb7c81a31c}</UniqueIdentifier>
    </Filter>
  </ItemGroup>
  <ItemGroup>
    <None Include="ReadMe.txt" />
  </ItemGroup>
  <ItemGroup>
    <ClInclude Include="ZLib\deflate.h">
      <Filter>Source Files\zlib</Filter>
    </ClInclude>
    <ClInclude Include="ZLib\infblock.h">
      <Filter>Source Files\zlib</Filter>
    </ClInclude>
    <ClInclude Include="ZLib\infcodes.h">
      <Filter>Source Files\zlib</Filter>
    </ClInclude>
    <ClInclude Include="ZLib\inffast.h">
      <Filter>Source Files\zlib</Filter>
    </ClInclude>
    <ClInclude Include="ZLib\inffixed.h">
      <Filter>Source Files\zlib</Filter>
    </ClInclude>
    <ClInclude Include="ZLib\inftrees.h">
      <Filter>Source Files\zlib</Filter>
    </ClInclude>
    <ClInclude Include="ZLib\infutil.h">
      <Filter>Source Files\zlib</Filter>
    </ClInclude>
    <ClInclude Include="ZLib\trees.h">
      <Filter>Source Files\zlib</Filter>
    </ClInclude>
    <ClInclude Include="ZLib\zconf.h">
      <Filter>Source Files\zlib</Filter>
    </ClInclude>
    <ClInclude Include="ZLib\zlib.h">
      <Filter>Source Files\zlib</Filter>
    </ClInclude>
    <ClInclude Include="ZLib\zutil.h">
      <Filter>Source Files\zlib</Filter>
    </ClInclude>
    <ClInclude Include="System.h">
      <Filter>Header Files</Filter>
    </ClInclude>
    <ClInclude Include="Timer.h">
      <Filter>Header Files</Filter>
    </ClInclude>
    <ClInclude Include="Utility.h">
      <Filter>Header Files</Filter>
    </ClInclude>
    <ClInclude Include="BubbleSort.h">
      <Filter>Header Files\Algorithm\Sort</Filter>
    </ClInclude>
    <ClInclude Include="InsertionMergeSort.h">
      <Filter>Header Files\Algorithm\Sort</Filter>
    </ClInclude>
    <ClInclude Include="InsertionSort.h">
      <Filter>Header Files\Algorithm\Sort</Filter>
    </ClInclude>
    <ClInclude Include="QuickSort.h">
      <Filter>Header Files\Algorithm\Sort</Filter>
    </ClInclude>
    <ClInclude Include="SelectionSort.h">
      <Filter>Header Files\Algorithm\Sort</Filter>
    </ClInclude>
    <ClInclude Include="StdSort.h">
      <Filter>Header Files\Algorithm\Sort</Filter>
    </ClInclude>
    <ClInclude Include="HashMap.h">
      <Filter>Header Files\DataStructure</Filter>
    </ClInclude>
  </ItemGroup>
  <ItemGroup>
    <ClCompile Include="learn.cpp">
      <Filter>Source Files</Filter>
    </ClCompile>
    <ClCompile Include="ZLib\adler32.cpp">
      <Filter>Source Files\zlib</Filter>
    </ClCompile>
    <ClCompile Include="ZLib\compress.cpp">
      <Filter>Source Files\zlib</Filter>
    </ClCompile>
    <ClCompile Include="ZLib\deflate.cpp">
      <Filter>Source Files\zlib</Filter>
    </ClCompile>
    <ClCompile Include="ZLib\infblock.cpp">
      <Filter>Source Files\zlib</Filter>
    </ClCompile>
    <ClCompile Include="ZLib\infcodes.cpp">
      <Filter>Source Files\zlib</Filter>
    </ClCompile>
    <ClCompile Include="ZLib\inffast.cpp">
      <Filter>Source Files\zlib</Filter>
    </ClCompile>
    <ClCompile Include="ZLib\inflate.cpp">
      <Filter>Source Files\zlib</Filter>
    </ClCompile>
    <ClCompile Include="ZLib\inftrees.cpp">
      <Filter>Source Files\zlib</Filter>
    </ClCompile>
    <ClCompile Include="ZLib\infutil.cpp">
      <Filter>Source Files\zlib</Filter>
    </ClCompile>
    <ClCompile Include="ZLib\trees.cpp">
      <Filter>Source Files\zlib</Filter>
    </ClCompile>
    <ClCompile Include="ZLib\uncompr.cpp">
      <Filter>Source Files\zlib</Filter>
    </ClCompile>
    <ClCompile Include="ZLib\zutil.cpp">
      <Filter>Source Files\zlib</Filter>
    </ClCompile>
    <ClCompile Include="cosSin.cpp">
      <Filter>Source Files</Filter>
    </ClCompile>
    <ClCompile Include="HashMapTest.cpp">
      <Filter>Source Files</Filter>
    </ClCompile>
    <ClCompile Include="SortTest.cpp">
      <Filter>Source Files</Filter>
    </ClCompile>
    <ClCompile Include="RecursiveTest.cpp">
      <Filter>Source Files</Filter>
    </ClCompile>
  </ItemGroup>
</Project>